
Microsoft Visual Studio Solution File, Format Version 12.00
# Visual Studio Version 17
VisualStudioVersion = 17.10.35122.118
MinimumVisualStudioVersion = 10.0.40219.1
Project("{8BC9CEB8-8B4A-11D0-8D11-00A0C91BC942}") = "cspb_2270_travel_games", "cspb_2270_travel_games.vcxproj", "{6C110D39-DD28-4F37-8F2C-FA4CDCF12E6F}"
EndProject
Global
	GlobalSection(SolutionConfigurationPlatforms) = preSolution
		Debug|x64 = Debug|x64
		Debug|x86 = Debug|x86
		Release|x64 = Release|x64
		Release|x86 = Release|x86
	EndGlobalSection
	GlobalSection(ProjectConfigurationPlatforms) = postSolution
		{6C110D39-DD28-4F37-8F2C-FA4CDCF12E6F}.Debug|x64.ActiveCfg = Debug|x64
		{6C110D39-DD28-4F37-8F2C-FA4CDCF12E6F}.Debug|x64.Build.0 = Debug|x64
		{6C110D39-DD28-4F37-8F2C-FA4CDCF12E6F}.Debug|x86.ActiveCfg = Debug|Win32
		{6C110D39-DD28-4F37-8F2C-FA4CDCF12E6F}.Debug|x86.Build.0 = Debug|Win32
		{6C110D39-DD28-4F37-8F2C-FA4CDCF12E6F}.Release|x64.ActiveCfg = Release|x64
		{6C110D39-DD28-4F37-8F2C-FA4CDCF12E6F}.Release|x64.Build.0 = Release|x64
		{6C110D39-DD28-4F37-8F2C-FA4CDCF12E6F}.Release|x86.ActiveCfg = Release|Win32
		{6C110D39-DD28-4F37-8F2C-FA4CDCF12E6F}.Release|x86.Build.0 = Release|Win32
	EndGlobalSection
	GlobalSection(SolutionProperties) = preSolution
		HideSolutionNode = FALSE
	EndGlobalSection
	GlobalSection(ExtensibilityGlobals) = postSolution
		SolutionGuid = {4F3B9882-7E60-436C-9922-F7E5BD92C325}
	EndGlobalSection
EndGlobal
